
Microsoft Visual Studio Solution File, Format Version 12.00
# Visual Studio 15
VisualStudioVersion = 15.0.28307.1585
MinimumVisualStudioVersion = 10.0.40219.1
Project("{FAE04EC0-301F-11D3-BF4B-00C04F79EFBC}") = "ToDoAPI.API", "ToDoAPI.API\ToDoAPI.API.csproj", "{D93644F7-C5FD-41D9-9E85-8A19048E24F9}"
EndProject
Project("{FAE04EC0-301F-11D3-BF4B-00C04F79EFBC}") = "ToDoAPI.DATA.EF", "ToDoAPI.DATA.EF\ToDoAPI.DATA.EF.csproj", "{B6C9B889-5AB1-4CF3-BF58-E73E68BBF2A5}"
EndProject
Global
	GlobalSection(SolutionConfigurationPlatforms) = preSolution
		Debug|Any CPU = Debug|Any CPU
		Release|Any CPU = Release|Any CPU
	EndGlobalSection
	GlobalSection(ProjectConfigurationPlatforms) = postSolution
		{D93644F7-C5FD-41D9-9E85-8A19048E24F9}.Debug|Any CPU.ActiveCfg = Debug|Any CPU
		{D93644F7-C5FD-41D9-9E85-8A19048E24F9}.Debug|Any CPU.Build.0 = Debug|Any CPU
		{D93644F7-C5FD-41D9-9E85-8A19048E24F9}.Release|Any CPU.ActiveCfg = Release|Any CPU
		{D93644F7-C5FD-41D9-9E85-8A19048E24F9}.Release|Any CPU.Build.0 = Release|Any CPU
		{B6C9B889-5AB1-4CF3-BF58-E73E68BBF2A5}.Debug|Any CPU.ActiveCfg = Debug|Any CPU
		{B6C9B889-5AB1-4CF3-BF58-E73E68BBF2A5}.Debug|Any CPU.Build.0 = Debug|Any CPU
		{B6C9B889-5AB1-4CF3-BF58-E73E68BBF2A5}.Release|Any CPU.ActiveCfg = Release|Any CPU
		{B6C9B889-5AB1-4CF3-BF58-E73E68BBF2A5}.Release|Any CPU.Build.0 = Release|Any CPU
	EndGlobalSection
	GlobalSection(SolutionProperties) = preSolution
		HideSolutionNode = FALSE
	EndGlobalSection
	GlobalSection(ExtensibilityGlobals) = postSolution
		SolutionGuid = {97F6DC9C-53A7-464B-B6B3-1A8696C3D3D1}
	EndGlobalSection
EndGlobal
